
Microsoft Visual Studio Solution File, Format Version 12.00
# Visual Studio Version 17
VisualStudioVersion = 17.6.33829.357
MinimumVisualStudioVersion = 10.0.40219.1
Project("{2150E333-8FDC-42A3-9474-1A3956D46DE8}") = "Sources", "Sources", "{A16B85B6-8111-4116-BDDB-21E0628B3868}"
EndProject
Project("{2150E333-8FDC-42A3-9474-1A3956D46DE8}") = "Tests", "Tests", "{A6576493-556B-4B91-BE64-DD39BBFC72EE}"
EndProject
Project("{9A19103F-16F7-4668-BE54-9A1E7A4F7556}") = "Sponge.Benchmarks", "tests\Sponge.Benchmarks\Sponge.Benchmarks.csproj", "{681EA98C-C444-479F-9FD5-D9E9E965990D}"
EndProject
Project("{9A19103F-16F7-4668-BE54-9A1E7A4F7556}") = "Sponge.Tests", "tests\Sponge.Tests\Sponge.Tests.csproj", "{BA55D944-7B26-4049-AAB2-20929E962972}"
EndProject
Project("{9A19103F-16F7-4668-BE54-9A1E7A4F7556}") = "Sponge", "src\Sponge\Sponge.csproj", "{8BDF6D3D-3C63-4161-ACB5-9C5C9F29EB7C}"
EndProject
Global
	GlobalSection(SolutionConfigurationPlatforms) = preSolution
		Debug|Any CPU = Debug|Any CPU
		Debug|x64 = Debug|x64
		Debug|x86 = Debug|x86
		Release|Any CPU = Release|Any CPU
		Release|x64 = Release|x64
		Release|x86 = Release|x86
	EndGlobalSection
	GlobalSection(ProjectConfigurationPlatforms) = postSolution
		{681EA98C-C444-479F-9FD5-D9E9E965990D}.Debug|Any CPU.ActiveCfg = Debug|Any CPU
		{681EA98C-C444-479F-9FD5-D9E9E965990D}.Debug|Any CPU.Build.0 = Debug|Any CPU
		{681EA98C-C444-479F-9FD5-D9E9E965990D}.Debug|x64.ActiveCfg = Debug|x64
		{681EA98C-C444-479F-9FD5-D9E9E965990D}.Debug|x64.Build.0 = Debug|x64
		{681EA98C-C444-479F-9FD5-D9E9E965990D}.Debug|x86.ActiveCfg = Debug|x86
		{681EA98C-C444-479F-9FD5-D9E9E965990D}.Debug|x86.Build.0 = Debug|x86
		{681EA98C-C444-479F-9FD5-D9E9E965990D}.Release|Any CPU.ActiveCfg = Release|Any CPU
		{681EA98C-C444-479F-9FD5-D9E9E965990D}.Release|Any CPU.Build.0 = Release|Any CPU
		{681EA98C-C444-479F-9FD5-D9E9E965990D}.Release|x64.ActiveCfg = Release|x64
		{681EA98C-C444-479F-9FD5-D9E9E965990D}.Release|x64.Build.0 = Release|x64
		{681EA98C-C444-479F-9FD5-D9E9E965990D}.Release|x86.ActiveCfg = Release|x86
		{681EA98C-C444-479F-9FD5-D9E9E965990D}.Release|x86.Build.0 = Release|x86
		{BA55D944-7B26-4049-AAB2-20929E962972}.Debug|Any CPU.ActiveCfg = Debug|Any CPU
		{BA55D944-7B26-4049-AAB2-20929E962972}.Debug|Any CPU.Build.0 = Debug|Any CPU
		{BA55D944-7B26-4049-AAB2-20929E962972}.Debug|x64.ActiveCfg = Debug|x64
		{BA55D944-7B26-4049-AAB2-20929E962972}.Debug|x64.Build.0 = Debug|x64
		{BA55D944-7B26-4049-AAB2-20929E962972}.Debug|x86.ActiveCfg = Debug|x86
		{BA55D944-7B26-4049-AAB2-20929E962972}.Debug|x86.Build.0 = Debug|x86
		{BA55D944-7B26-4049-AAB2-20929E962972}.Release|Any CPU.ActiveCfg = Release|Any CPU
		{BA55D944-7B26-4049-AAB2-20929E962972}.Release|Any CPU.Build.0 = Release|Any CPU
		{BA55D944-7B26-4049-AAB2-20929E962972}.Release|x64.ActiveCfg = Release|x64
		{BA55D944-7B26-4049-AAB2-20929E962972}.Release|x64.Build.0 = Release|x64
		{BA55D944-7B26-4049-AAB2-20929E962972}.Release|x86.ActiveCfg = Release|x86
		{BA55D944-7B26-4049-AAB2-20929E962972}.Release|x86.Build.0 = Release|x86
		{8BDF6D3D-3C63-4161-ACB5-9C5C9F29EB7C}.Debug|Any CPU.ActiveCfg = Debug|Any CPU
		{8BDF6D3D-3C63-4161-ACB5-9C5C9F29EB7C}.Debug|Any CPU.Build.0 = Debug|Any CPU
		{8BDF6D3D-3C63-4161-ACB5-9C5C9F29EB7C}.Debug|x64.ActiveCfg = Debug|Any CPU
		{8BDF6D3D-3C63-4161-ACB5-9C5C9F29EB7C}.Debug|x64.Build.0 = Debug|Any CPU
		{8BDF6D3D-3C63-4161-ACB5-9C5C9F29EB7C}.Debug|x86.ActiveCfg = Debug|Any CPU
		{8BDF6D3D-3C63-4161-ACB5-9C5C9F29EB7C}.Debug|x86.Build.0 = Debug|Any CPU
		{8BDF6D3D-3C63-4161-ACB5-9C5C9F29EB7C}.Release|Any CPU.ActiveCfg = Release|Any CPU
		{8BDF6D3D-3C63-4161-ACB5-9C5C9F29EB7C}.Release|Any CPU.Build.0 = Release|Any CPU
		{8BDF6D3D-3C63-4161-ACB5-9C5C9F29EB7C}.Release|x64.ActiveCfg = Release|Any CPU
		{8BDF6D3D-3C63-4161-ACB5-9C5C9F29EB7C}.Release|x64.Build.0 = Release|Any CPU
		{8BDF6D3D-3C63-4161-ACB5-9C5C9F29EB7C}.Release|x86.ActiveCfg = Release|Any CPU
		{8BDF6D3D-3C63-4161-ACB5-9C5C9F29EB7C}.Release|x86.Build.0 = Release|Any CPU
	EndGlobalSection
	GlobalSection(SolutionProperties) = preSolution
		HideSolutionNode = FALSE
	EndGlobalSection
	GlobalSection(NestedProjects) = preSolution
		{681EA98C-C444-479F-9FD5-D9E9E965990D} = {A6576493-556B-4B91-BE64-DD39BBFC72EE}
		{BA55D944-7B26-4049-AAB2-20929E962972} = {A6576493-556B-4B91-BE64-DD39BBFC72EE}
		{8BDF6D3D-3C63-4161-ACB5-9C5C9F29EB7C} = {A16B85B6-8111-4116-BDDB-21E0628B3868}
	EndGlobalSection
	GlobalSection(ExtensibilityGlobals) = postSolution
		SolutionGuid = {9098E317-B148-4563-B6F5-FE44C051645D}
	EndGlobalSection
EndGlobal
